
Microsoft Visual Studio Solution File, Format Version 12.00
# Visual Studio Version 17
VisualStudioVersion = 17.0.32126.317
MinimumVisualStudioVersion = 10.0.40219.1
Project("{FAE04EC0-301F-11D3-BF4B-00C04F79EFBC}") = "EJERCICIOS PROPUESTOS", "EJERCICIOS PROPUESTOS.csproj", "{2022F905-A995-41C8-AE76-EA039D48EFAC}"
EndProject
Global
	GlobalSection(SolutionConfigurationPlatforms) = preSolution
		Debug|Any CPU = Debug|Any CPU
		Release|Any CPU = Release|Any CPU
	EndGlobalSection
	GlobalSection(ProjectConfigurationPlatforms) = postSolution
		{2022F905-A995-41C8-AE76-EA039D48EFAC}.Debug|Any CPU.ActiveCfg = Debug|Any CPU
		{2022F905-A995-41C8-AE76-EA039D48EFAC}.Debug|Any CPU.Build.0 = Debug|Any CPU
		{2022F905-A995-41C8-AE76-EA039D48EFAC}.Release|Any CPU.ActiveCfg = Release|Any CPU
		{2022F905-A995-41C8-AE76-EA039D48EFAC}.Release|Any CPU.Build.0 = Release|Any CPU
	EndGlobalSection
	GlobalSection(SolutionProperties) = preSolution
		HideSolutionNode = FALSE
	EndGlobalSection
	GlobalSection(ExtensibilityGlobals) = postSolution
		SolutionGuid = {3DC77174-4221-4DFC-8636-0EAED4EEC336}
	EndGlobalSection
EndGlobal
